// !$*UTF8*$!
{
	archiveVersion = 1;
	classes = {
	};
	objectVersion = 56;
	objects = {

/* Begin PBXBuildFile section */
		A821212429BA36A1004BA383 /* Field.swift in Sources */ = {isa = PBXBuildFile; fileRef = A821212329BA36A1004BA383 /* Field.swift */; };
		A821212629BA36EF004BA383 /* Area.swift in Sources */ = {isa = PBXBuildFile; fileRef = A821212529BA36EF004BA383 /* Area.swift */; };
		A821212A29BA3C10004BA383 /* Border.swift in Sources */ = {isa = PBXBuildFile; fileRef = A821212929BA3C10004BA383 /* Border.swift */; };
		A821212C29BE0577004BA383 /* ViewModel.swift in Sources */ = {isa = PBXBuildFile; fileRef = A821212B29BE0577004BA383 /* ViewModel.swift */; };
		A8647BEC298599D400C25CF5 /* SudokuApp.swift in Sources */ = {isa = PBXBuildFile; fileRef = A8647BEB298599D400C25CF5 /* SudokuApp.swift */; };
		A8647BEE298599D400C25CF5 /* ContentView.swift in Sources */ = {isa = PBXBuildFile; fileRef = A8647BED298599D400C25CF5 /* ContentView.swift */; };
		A8647BF0298599D500C25CF5 /* Assets.xcassets in Resources */ = {isa = PBXBuildFile; fileRef = A8647BEF298599D500C25CF5 /* Assets.xcassets */; };
		A8647BF3298599D500C25CF5 /* Preview Assets.xcassets in Resources */ = {isa = PBXBuildFile; fileRef = A8647BF2298599D500C25CF5 /* Preview Assets.xcassets */; };
		A881D0C829BF6CBF00DEF3C4 /* SetValueBtnView.swift in Sources */ = {isa = PBXBuildFile; fileRef = A881D0C729BF6CBF00DEF3C4 /* SetValueBtnView.swift */; };
		A881D0CA29BF79A900DEF3C4 /* CandidateFieldView.swift in Sources */ = {isa = PBXBuildFile; fileRef = A881D0C929BF79A900DEF3C4 /* CandidateFieldView.swift */; };
		A881D0CC29C043D100DEF3C4 /* Settings.swift in Sources */ = {isa = PBXBuildFile; fileRef = A881D0CB29C043D100DEF3C4 /* Settings.swift */; };
		A881D0CE29C0492C00DEF3C4 /* StopWatchView.swift in Sources */ = {isa = PBXBuildFile; fileRef = A881D0CD29C0492C00DEF3C4 /* StopWatchView.swift */; };
		A881D0D029C04BB000DEF3C4 /* StopWatchManager.swift in Sources */ = {isa = PBXBuildFile; fileRef = A881D0CF29C04BB000DEF3C4 /* StopWatchManager.swift */; };
		A8E5D68329C0BCE400915BB5 /* CSVHelper.swift in Sources */ = {isa = PBXBuildFile; fileRef = A8E5D68229C0BCE400915BB5 /* CSVHelper.swift */; };
/* End PBXBuildFile section */

/* Begin PBXFileReference section */
		A821212329BA36A1004BA383 /* Field.swift */ = {isa = PBXFileReference; lastKnownFileType = sourcecode.swift; path = Field.swift; sourceTree = "<group>"; };
		A821212529BA36EF004BA383 /* Area.swift */ = {isa = PBXFileReference; lastKnownFileType = sourcecode.swift; path = Area.swift; sourceTree = "<group>"; };
		A821212929BA3C10004BA383 /* Border.swift */ = {isa = PBXFileReference; lastKnownFileType = sourcecode.swift; path = Border.swift; sourceTree = "<group>"; };
		A821212B29BE0577004BA383 /* ViewModel.swift */ = {isa = PBXFileReference; lastKnownFileType = sourcecode.swift; path = ViewModel.swift; sourceTree = "<group>"; };
		A8647BE8298599D400C25CF5 /* Sudoku.app */ = {isa = PBXFileReference; explicitFileType = wrapper.application; includeInIndex = 0; path = Sudoku.app; sourceTree = BUILT_PRODUCTS_DIR; };
		A8647BEB298599D400C25CF5 /* SudokuApp.swift */ = {isa = PBXFileReference; lastKnownFileType = sourcecode.swift; path = SudokuApp.swift; sourceTree = "<group>"; };
		A8647BED298599D400C25CF5 /* ContentView.swift */ = {isa = PBXFileReference; lastKnownFileType = sourcecode.swift; path = ContentView.swift; sourceTree = "<group>"; };
		A8647BEF298599D500C25CF5 /* Assets.xcassets */ = {isa = PBXFileReference; lastKnownFileType = folder.assetcatalog; path = Assets.xcassets; sourceTree = "<group>"; };
		A8647BF2298599D500C25CF5 /* Preview Assets.xcassets */ = {isa = PBXFileReference; lastKnownFileType = folder.assetcatalog; path = "Preview Assets.xcassets"; sourceTree = "<group>"; };
		A881D0C729BF6CBF00DEF3C4 /* SetValueBtnView.swift */ = {isa = PBXFileReference; lastKnownFileType = sourcecode.swift; path = SetValueBtnView.swift; sourceTree = "<group>"; };
		A881D0C929BF79A900DEF3C4 /* CandidateFieldView.swift */ = {isa = PBXFileReference; lastKnownFileType = sourcecode.swift; path = CandidateFieldView.swift; sourceTree = "<group>"; };
		A881D0CB29C043D100DEF3C4 /* Settings.swift */ = {isa = PBXFileReference; lastKnownFileType = sourcecode.swift; path = Settings.swift; sourceTree = "<group>"; };
		A881D0CD29C0492C00DEF3C4 /* StopWatchView.swift */ = {isa = PBXFileReference; lastKnownFileType = sourcecode.swift; path = StopWatchView.swift; sourceTree = "<group>"; };
		A881D0CF29C04BB000DEF3C4 /* StopWatchManager.swift */ = {isa = PBXFileReference; lastKnownFileType = sourcecode.swift; path = StopWatchManager.swift; sourceTree = "<group>"; };
		A8E5D68229C0BCE400915BB5 /* CSVHelper.swift */ = {isa = PBXFileReference; lastKnownFileType = sourcecode.swift; path = CSVHelper.swift; sourceTree = "<group>"; };
/* End PBXFileReference section */

/* Begin PBXFrameworksBuildPhase section */
		A8647BE5298599D400C25CF5 /* Frameworks */ = {
			isa = PBXFrameworksBuildPhase;
			buildActionMask = 2147483647;
			files = (
			);
			runOnlyForDeploymentPostprocessing = 0;
		};
/* End PBXFrameworksBuildPhase section */

/* Begin PBXGroup section */
		A8647BDF298599D400C25CF5 = {
			isa = PBXGroup;
			children = (
				A8647BEA298599D400C25CF5 /* Sudoku */,
				A8647BE9298599D400C25CF5 /* Products */,
			);
			sourceTree = "<group>";
		};
		A8647BE9298599D400C25CF5 /* Products */ = {
			isa = PBXGroup;
			children = (
				A8647BE8298599D400C25CF5 /* Sudoku.app */,
			);
			name = Products;
			sourceTree = "<group>";
		};
		A8647BEA298599D400C25CF5 /* Sudoku */ = {
			isa = PBXGroup;
			children = (
				A881D0CD29C0492C00DEF3C4 /* StopWatchView.swift */,
				A8647BEB298599D400C25CF5 /* SudokuApp.swift */,
				A8647BED298599D400C25CF5 /* ContentView.swift */,
				A8647BEF298599D500C25CF5 /* Assets.xcassets */,
				A8647BF1298599D500C25CF5 /* Preview Content */,
				A821212329BA36A1004BA383 /* Field.swift */,
				A821212529BA36EF004BA383 /* Area.swift */,
				A821212929BA3C10004BA383 /* Border.swift */,
				A821212B29BE0577004BA383 /* ViewModel.swift */,
				A881D0C729BF6CBF00DEF3C4 /* SetValueBtnView.swift */,
				A881D0C929BF79A900DEF3C4 /* CandidateFieldView.swift */,
				A881D0CB29C043D100DEF3C4 /* Settings.swift */,
				A881D0CF29C04BB000DEF3C4 /* StopWatchManager.swift */,
				A8E5D68229C0BCE400915BB5 /* CSVHelper.swift */,
			);
			path = Sudoku;
			sourceTree = "<group>";
		};
		A8647BF1298599D500C25CF5 /* Preview Content */ = {
			isa = PBXGroup;
			children = (
				A8647BF2298599D500C25CF5 /* Preview Assets.xcassets */,
			);
			path = "Preview Content";
			sourceTree = "<group>";
		};
/* End PBXGroup section */

/* Begin PBXNativeTarget section */
		A8647BE7298599D400C25CF5 /* Sudoku */ = {
			isa = PBXNativeTarget;
			buildConfigurationList = A8647BF6298599D500C25CF5 /* Build configuration list for PBXNativeTarget "Sudoku" */;
			buildPhases = (
				A8647BE4298599D400C25CF5 /* Sources */,
				A8647BE5298599D400C25CF5 /* Frameworks */,
				A8647BE6298599D400C25CF5 /* Resources */,
			);
			buildRules = (
			);
			dependencies = (
			);
			name = Sudoku;
			productName = Sudoku;
			productReference = A8647BE8298599D400C25CF5 /* Sudoku.app */;
			productType = "com.apple.product-type.application";
		};
/* End PBXNativeTarget section */

/* Begin PBXProject section */
		A8647BE0298599D400C25CF5 /* Project object */ = {
			isa = PBXProject;
			attributes = {
				BuildIndependentTargetsInParallel = 1;
				LastSwiftUpdateCheck = 1420;
				LastUpgradeCheck = 1420;
				TargetAttributes = {
					A8647BE7298599D400C25CF5 = {
						CreatedOnToolsVersion = 14.2;
					};
				};
			};
			buildConfigurationList = A8647BE3298599D400C25CF5 /* Build configuration list for PBXProject "Sudoku" */;
			compatibilityVersion = "Xcode 14.0";
			developmentRegion = en;
			hasScannedForEncodings = 0;
			knownRegions = (
				en,
				Base,
			);
			mainGroup = A8647BDF298599D400C25CF5;
			productRefGroup = A8647BE9298599D400C25CF5 /* Products */;
			projectDirPath = "";
			projectRoot = "";
			targets = (
				A8647BE7298599D400C25CF5 /* Sudoku */,
			);
		};
/* End PBXProject section */

/* Begin PBXResourcesBuildPhase section */
		A8647BE6298599D400C25CF5 /* Resources */ = {
			isa = PBXResourcesBuildPhase;
			buildActionMask = 2147483647;
			files = (
				A8647BF3298599D500C25CF5 /* Preview Assets.xcassets in Resources */,
				A8647BF0298599D500C25CF5 /* Assets.xcassets in Resources */,
			);
			runOnlyForDeploymentPostprocessing = 0;
		};
/* End PBXResourcesBuildPhase section */

/* Begin PBXSourcesBuildPhase section */
		A8647BE4298599D400C25CF5 /* Sources */ = {
			isa = PBXSourcesBuildPhase;
			buildActionMask = 2147483647;
			files = (
				A8647BEE298599D400C25CF5 /* ContentView.swift in Sources */,
				A821212A29BA3C10004BA383 /* Border.swift in Sources */,
				A881D0C829BF6CBF00DEF3C4 /* SetValueBtnView.swift in Sources */,
				A881D0D029C04BB000DEF3C4 /* StopWatchManager.swift in Sources */,
				A8647BEC298599D400C25CF5 /* SudokuApp.swift in Sources */,
				A821212629BA36EF004BA383 /* Area.swift in Sources */,
				A821212C29BE0577004BA383 /* ViewModel.swift in Sources */,
				A881D0CE29C0492C00DEF3C4 /* StopWatchView.swift in Sources */,
				A881D0CC29C043D100DEF3C4 /* Settings.swift in Sources */,
				A821212429BA36A1004BA383 /* Field.swift in Sources */,
				A8E5D68329C0BCE400915BB5 /* CSVHelper.swift in Sources */,
				A881D0CA29BF79A900DEF3C4 /* CandidateFieldView.swift in Sources */,
			);
			runOnlyForDeploymentPostprocessing = 0;
		};
/* End PBXSourcesBuildPhase section */

/* Begin XCBuildConfiguration section */
		A8647BF4298599D500C25CF5 /* Debug */ = {
			isa = XCBuildConfiguration;
			buildSettings = {
				ALWAYS_SEARCH_USER_PATHS = NO;
				CLANG_ANALYZER_NONNULL = YES;
				CLANG_ANALYZER_NUMBER_OBJECT_CONVERSION = YES_AGGRESSIVE;
				CLANG_CXX_LANGUAGE_STANDARD = "gnu++20";
				CLANG_ENABLE_MODULES = YES;
				CLANG_ENABLE_OBJC_ARC = YES;
				CLANG_ENABLE_OBJC_WEAK = YES;
				CLANG_WARN_BLOCK_CAPTURE_AUTORELEASING = YES;
				CLANG_WARN_BOOL_CONVERSION = YES;
				CLANG_WARN_COMMA = YES;
				CLANG_WARN_CONSTANT_CONVERSION = YES;
				CLANG_WARN_DEPRECATED_OBJC_IMPLEMENTATIONS = YES;
				CLANG_WARN_DIRECT_OBJC_ISA_USAGE = YES_ERROR;
				CLANG_WARN_DOCUMENTATION_COMMENTS = YES;
				CLANG_WARN_EMPTY_BODY = YES;
				CLANG_WARN_ENUM_CONVERSION = YES;
				CLANG_WARN_INFINITE_RECURSION = YES;
				CLANG_WARN_INT_CONVERSION = YES;
				CLANG_WARN_NON_LITERAL_NULL_CONVERSION = YES;
				CLANG_WARN_OBJC_IMPLICIT_RETAIN_SELF = YES;
				CLANG_WARN_OBJC_LITERAL_CONVERSION = YES;
				CLANG_WARN_OBJC_ROOT_CLASS = YES_ERROR;
				CLANG_WARN_QUOTED_INCLUDE_IN_FRAMEWORK_HEADER = YES;
				CLANG_WARN_RANGE_LOOP_ANALYSIS = YES;
				CLANG_WARN_STRICT_PROTOTYPES = YES;
				CLANG_WARN_SUSPICIOUS_MOVE = YES;
				CLANG_WARN_UNGUARDED_AVAILABILITY = YES_AGGRESSIVE;
				CLANG_WARN_UNREACHABLE_CODE = YES;
				CLANG_WARN__DUPLICATE_METHOD_MATCH = YES;
				COPY_PHASE_STRIP = NO;
				DEBUG_INFORMATION_FORMAT = dwarf;
				ENABLE_STRICT_OBJC_MSGSEND = YES;
				ENABLE_TESTABILITY = YES;
				GCC_C_LANGUAGE_STANDARD = gnu11;
				GCC_DYNAMIC_NO_PIC = NO;
				GCC_NO_COMMON_BLOCKS = YES;
				GCC_OPTIMIZATION_LEVEL = 0;
				GCC_PREPROCESSOR_DEFINITIONS = (
					"DEBUG=1",
					"$(inherited)",
				);
				GCC_WARN_64_TO_32_BIT_CONVERSION = YES;
				GCC_WARN_ABOUT_RETURN_TYPE = YES_ERROR;
				GCC_WARN_UNDECLARED_SELECTOR = YES;
				GCC_WARN_UNINITIALIZED_AUTOS = YES_AGGRESSIVE;
				GCC_WARN_UNUSED_FUNCTION = YES;
				GCC_WARN_UNUSED_VARIABLE = YES;
				IPHONEOS_DEPLOYMENT_TARGET = 16.2;
				MTL_ENABLE_DEBUG_INFO = INCLUDE_SOURCE;
				MTL_FAST_MATH = YES;
				ONLY_ACTIVE_ARCH = YES;
				SDKROOT = iphoneos;
				SWIFT_ACTIVE_COMPILATION_CONDITIONS = DEBUG;
				SWIFT_OPTIMIZATION_LEVEL = "-Onone";
			};
			name = Debug;
		};
		A8647BF5298599D500C25CF5 /* Release */ = {
			isa = XCBuildConfiguration;
			buildSettings = {
				ALWAYS_SEARCH_USER_PATHS = NO;
				CLANG_ANALYZER_NONNULL = YES;
				CLANG_ANALYZER_NUMBER_OBJECT_CONVERSION = YES_AGGRESSIVE;
				CLANG_CXX_LANGUAGE_STANDARD = "gnu++20";
				CLANG_ENABLE_MODULES = YES;
				CLANG_ENABLE_OBJC_ARC = YES;
				CLANG_ENABLE_OBJC_WEAK = YES;
				CLANG_WARN_BLOCK_CAPTURE_AUTORELEASING = YES;
				CLANG_WARN_BOOL_CONVERSION = YES;
				CLANG_WARN_COMMA = YES;
				CLANG_WARN_CONSTANT_CONVERSION = YES;
				CLANG_WARN_DEPRECATED_OBJC_IMPLEMENTATIONS = YES;
				CLANG_WARN_DIRECT_OBJC_ISA_USAGE = YES_ERROR;
				CLANG_WARN_DOCUMENTATION_COMMENTS = YES;
				CLANG_WARN_EMPTY_BODY = YES;
				CLANG_WARN_ENUM_CONVERSION = YES;
				CLANG_WARN_INFINITE_RECURSION = YES;
				CLANG_WARN_INT_CONVERSION = YES;
				CLANG_WARN_NON_LITERAL_NULL_CONVERSION = YES;
				CLANG_WARN_OBJC_IMPLICIT_RETAIN_SELF = YES;
				CLANG_WARN_OBJC_LITERAL_CONVERSION = YES;
				CLANG_WARN_OBJC_ROOT_CLASS = YES_ERROR;
				CLANG_WARN_QUOTED_INCLUDE_IN_FRAMEWORK_HEADER = YES;
				CLANG_WARN_RANGE_LOOP_ANALYSIS = YES;
				CLANG_WARN_STRICT_PROTOTYPES = YES;
				CLANG_WARN_SUSPICIOUS_MOVE = YES;
				CLANG_WARN_UNGUARDED_AVAILABILITY = YES_AGGRESSIVE;
				CLANG_WARN_UNREACHABLE_CODE = YES;
				CLANG_WARN__DUPLICATE_METHOD_MATCH = YES;
				COPY_PHASE_STRIP = NO;
				DEBUG_INFORMATION_FORMAT = "dwarf-with-dsym";
				ENABLE_NS_ASSERTIONS = NO;
				ENABLE_STRICT_OBJC_MSGSEND = YES;
				GCC_C_LANGUAGE_STANDARD = gnu11;
				GCC_NO_COMMON_BLOCKS = YES;
				GCC_WARN_64_TO_32_BIT_CONVERSION = YES;
				GCC_WARN_ABOUT_RETURN_TYPE = YES_ERROR;
				GCC_WARN_UNDECLARED_SELECTOR = YES;
				GCC_WARN_UNINITIALIZED_AUTOS = YES_AGGRESSIVE;
				GCC_WARN_UNUSED_FUNCTION = YES;
				GCC_WARN_UNUSED_VARIABLE = YES;
				IPHONEOS_DEPLOYMENT_TARGET = 16.2;
				MTL_ENABLE_DEBUG_INFO = NO;
				MTL_FAST_MATH = YES;
				SDKROOT = iphoneos;
				SWIFT_COMPILATION_MODE = wholemodule;
				SWIFT_OPTIMIZATION_LEVEL = "-O";
				VALIDATE_PRODUCT = YES;
			};
			name = Release;
		};
		A8647BF7298599D500C25CF5 /* Debug */ = {
			isa = XCBuildConfiguration;
			buildSettings = {
				ASSETCATALOG_COMPILER_APPICON_NAME = AppIcon;
				ASSETCATALOG_COMPILER_GLOBAL_ACCENT_COLOR_NAME = AccentColor;
				CODE_SIGN_STYLE = Automatic;
				CURRENT_PROJECT_VERSION = 1;
				DEVELOPMENT_ASSET_PATHS = "\"Sudoku/Preview Content\"";
				DEVELOPMENT_TEAM = C696PR9P5C;
				ENABLE_PREVIEWS = YES;
				GENERATE_INFOPLIST_FILE = YES;
				INFOPLIST_KEY_UIApplicationSceneManifest_Generation = YES;
				INFOPLIST_KEY_UIApplicationSupportsIndirectInputEvents = YES;
				INFOPLIST_KEY_UILaunchScreen_Generation = YES;
				INFOPLIST_KEY_UISupportedInterfaceOrientations_iPad = "UIInterfaceOrientationPortrait UIInterfaceOrientationPortraitUpsideDown UIInterfaceOrientationLandscapeLeft UIInterfaceOrientationLandscapeRight";
				INFOPLIST_KEY_UISupportedInterfaceOrientations_iPhone = "UIInterfaceOrientationPortrait UIInterfaceOrientationLandscapeLeft UIInterfaceOrientationLandscapeRight";
				LD_RUNPATH_SEARCH_PATHS = (
					"$(inherited)",
					"@executable_path/Frameworks",
				);
				MARKETING_VERSION = 1.0;
				PRODUCT_BUNDLE_IDENTIFIER = tech.marquard.Sudoku;
				PRODUCT_NAME = "$(TARGET_NAME)";
				SWIFT_EMIT_LOC_STRINGS = YES;
				SWIFT_VERSION = 5.0;
				TARGETED_DEVICE_FAMILY = "1,2";
			};
			name = Debug;
		};
		A8647BF8298599D500C25CF5 /* Release */ = {
			isa = XCBuildConfiguration;
			buildSettings = {
				ASSETCATALOG_COMPILER_APPICON_NAME = AppIcon;
				ASSETCATALOG_COMPILER_GLOBAL_ACCENT_COLOR_NAME = AccentColor;
				CODE_SIGN_STYLE = Automatic;
				CURRENT_PROJECT_VERSION = 1;
				DEVELOPMENT_ASSET_PATHS = "\"Sudoku/Preview Content\"";
				DEVELOPMENT_TEAM = C696PR9P5C;
				ENABLE_PREVIEWS = YES;
				GENERATE_INFOPLIST_FILE = YES;
				INFOPLIST_KEY_UIApplicationSceneManifest_Generation = YES;
				INFOPLIST_KEY_UIApplicationSupportsIndirectInputEvents = YES;
				INFOPLIST_KEY_UILaunchScreen_Generation = YES;
				INFOPLIST_KEY_UISupportedInterfaceOrientations_iPad = "UIInterfaceOrientationPortrait UIInterfaceOrientationPortraitUpsideDown UIInterfaceOrientationLandscapeLeft UIInterfaceOrientationLandscapeRight";
				INFOPLIST_KEY_UISupportedInterfaceOrientations_iPhone = "UIInterfaceOrientationPortrait UIInterfaceOrientationLandscapeLeft UIInterfaceOrientationLandscapeRight";
				LD_RUNPATH_SEARCH_PATHS = (
					"$(inherited)",
					"@executable_path/Frameworks",
				);
				MARKETING_VERSION = 1.0;
				PRODUCT_BUNDLE_IDENTIFIER = tech.marquard.Sudoku;
				PRODUCT_NAME = "$(TARGET_NAME)";
				SWIFT_EMIT_LOC_STRINGS = YES;
				SWIFT_VERSION = 5.0;
				TARGETED_DEVICE_FAMILY = "1,2";
			};
			name = Release;
		};
/* End XCBuildConfiguration section */

/* Begin XCConfigurationList section */
		A8647BE3298599D400C25CF5 /* Build configuration list for PBXProject "Sudoku" */ = {
			isa = XCConfigurationList;
			buildConfigurations = (
				A8647BF4298599D500C25CF5 /* Debug */,
				A8647BF5298599D500C25CF5 /* Release */,
			);
			defaultConfigurationIsVisible = 0;
			defaultConfigurationName = Release;
		};
		A8647BF6298599D500C25CF5 /* Build configuration list for PBXNativeTarget "Sudoku" */ = {
			isa = XCConfigurationList;
			buildConfigurations = (
				A8647BF7298599D500C25CF5 /* Debug */,
				A8647BF8298599D500C25CF5 /* Release */,
			);
			defaultConfigurationIsVisible = 0;
			defaultConfigurationName = Release;
		};
/* End XCConfigurationList section */
	};
	rootObject = A8647BE0298599D400C25CF5 /* Project object */;
}
